PODS:
  - Alamofire (5.0.0)
  - MadUtils (0.3.0):
    - Alamofire (~> 5.0.0-beta.5)
    - Nuke
  - Nuke (8.4.0)
  - ObjectMapper (3.5.1)
  - R.swift (5.1.0):
    - R.swift.Library (~> 5.1.0)
  - R.swift.Library (5.1.0)
  - SwiftyJSON (5.0.0)
  - Swinject (2.6.2)
  - SwinjectStoryboard (2.2.0):
    - Swinject (~> 2.6)

DEPENDENCIES:
  - Alamofire
  - MadUtils
  - ObjectMapper (~> 3.4)
  - R.swift
  - SwiftyJSON
  - Swinject (~> 2.6.0)
  - SwinjectStoryboard

SPEC REPOS:
  trunk:
    - Alamofire
    - MadUtils
    - Nuke
    - ObjectMapper
    - R.swift
    - R.swift.Library
    - SwiftyJSON
    - Swinject
    - SwinjectStoryboard

SPEC CHECKSUMS:
  Alamofire: 58ff2bfb8daaacaa233d5c36e37b10a5248f59b1
  MadUtils: aef68a2156c434fa8d343af747d4d675c97bba9d
  Nuke: fa6f784c4f7e1c0f9313668510186c68b7af2509
  ObjectMapper: 70187b8941977c62ccfb423caf6b50be405cabf0
  R.swift: 8cbc4fc69b740305b6a17c8a8ed968eb788962d9
  R.swift.Library: fa85ce1e0d0b7e818cd9e080df910ba54d2776cc
  SwiftyJSON: 36413e04c44ee145039d332b4f4e2d3e8d6c4db7
  Swinject: cf7458774b1b00323080a9c67e47a1ee7f9d2af1
  SwinjectStoryboard: 32512ef16c2b0ff5b8f823b23539c4a50f6d3383

PODFILE CHECKSUM: af98e73ad712a7fcb9950ea91a43b3c4e23e9528

COCOAPODS: 1.8.4
